
Microsoft Visual Studio Solution File, Format Version 12.00
# Visual Studio Version 16
VisualStudioVersion = 16.0.31624.102
MinimumVisualStudioVersion = 10.0.40219.1
Project("{FAE04EC0-301F-11D3-BF4B-00C04F79EFBC}") = "Fulga Sergiu-Sebastian 3131B", "Fulga Sergiu-Sebastian 3131B\Fulga Sergiu-Sebastian 3131B.csproj", "{83999811-EA3F-47A1-91D6-F9A3D43C1DCE}"
EndProject
Project("{FAE04EC0-301F-11D3-BF4B-00C04F79EFBC}") = "Immediate_Mode", "Immediate_Mode\Immediate_Mode.csproj", "{3BCB8E4F-6BE3-41F3-A310-BB219CB75C41}"
EndProject
Project("{2150E333-8FDC-42A3-9474-1A3956D46DE8}") = "Fisiere", "Fisiere", "{DE8F7A0F-658B-47C1-8461-37E3307E3A7F}"
	ProjectSection(SolutionItems) = preProject
		coordonate.txt = coordonate.txt
	EndProjectSection
EndProject
Project("{FAE04EC0-301F-11D3-BF4B-00C04F79EFBC}") = "Lab_4", "Lab_4\Lab_4.csproj", "{24FB2B9F-D30D-46CE-AA28-54FEC47ABB33}"
EndProject
Project("{FAE04EC0-301F-11D3-BF4B-00C04F79EFBC}") = "Lab_5", "Lab_5\Lab_5.csproj", "{61EBF0D1-661E-43FA-AFE6-CBED55FC9ADE}"
EndProject
Global
	GlobalSection(SolutionConfigurationPlatforms) = preSolution
		Debug|Any CPU = Debug|Any CPU
		Release|Any CPU = Release|Any CPU
	EndGlobalSection
	GlobalSection(ProjectConfigurationPlatforms) = postSolution
		{83999811-EA3F-47A1-91D6-F9A3D43C1DCE}.Debug|Any CPU.ActiveCfg = Debug|Any CPU
		{83999811-EA3F-47A1-91D6-F9A3D43C1DCE}.Debug|Any CPU.Build.0 = Debug|Any CPU
		{83999811-EA3F-47A1-91D6-F9A3D43C1DCE}.Release|Any CPU.ActiveCfg = Release|Any CPU
		{83999811-EA3F-47A1-91D6-F9A3D43C1DCE}.Release|Any CPU.Build.0 = Release|Any CPU
		{3BCB8E4F-6BE3-41F3-A310-BB219CB75C41}.Debug|Any CPU.ActiveCfg = Debug|Any CPU
		{3BCB8E4F-6BE3-41F3-A310-BB219CB75C41}.Debug|Any CPU.Build.0 = Debug|Any CPU
		{3BCB8E4F-6BE3-41F3-A310-BB219CB75C41}.Release|Any CPU.ActiveCfg = Release|Any CPU
		{3BCB8E4F-6BE3-41F3-A310-BB219CB75C41}.Release|Any CPU.Build.0 = Release|Any CPU
		{24FB2B9F-D30D-46CE-AA28-54FEC47ABB33}.Debug|Any CPU.ActiveCfg = Debug|Any CPU
		{24FB2B9F-D30D-46CE-AA28-54FEC47ABB33}.Debug|Any CPU.Build.0 = Debug|Any CPU
		{24FB2B9F-D30D-46CE-AA28-54FEC47ABB33}.Release|Any CPU.ActiveCfg = Release|Any CPU
		{24FB2B9F-D30D-46CE-AA28-54FEC47ABB33}.Release|Any CPU.Build.0 = Release|Any CPU
		{61EBF0D1-661E-43FA-AFE6-CBED55FC9ADE}.Debug|Any CPU.ActiveCfg = Debug|Any CPU
		{61EBF0D1-661E-43FA-AFE6-CBED55FC9ADE}.Debug|Any CPU.Build.0 = Debug|Any CPU
		{61EBF0D1-661E-43FA-AFE6-CBED55FC9ADE}.Release|Any CPU.ActiveCfg = Release|Any CPU
		{61EBF0D1-661E-43FA-AFE6-CBED55FC9ADE}.Release|Any CPU.Build.0 = Release|Any CPU
	EndGlobalSection
	GlobalSection(SolutionProperties) = preSolution
		HideSolutionNode = FALSE
	EndGlobalSection
	GlobalSection(ExtensibilityGlobals) = postSolution
		SolutionGuid = {55FB91D1-6A25-4F67-B300-4E848AB54BF7}
	EndGlobalSection
EndGlobal
